// !$*UTF8*$!
{
	archiveVersion = 1;
	classes = {
	};
	objectVersion = 46;
	objects = {

/* Begin PBXBuildFile section */
		B6394FFC18FC4F5E0052FD54 /* Flight.sqlite in Resources */ = {isa = PBXBuildFile; fileRef = B6394FFB18FC4F5E0052FD54 /* Flight.sqlite */; };
		B639502E18FC4FC40052FD54 /* FLAirline.m in Sources */ = {isa = PBXBuildFile; fileRef = B639502D18FC4FC40052FD54 /* FLAirline.m */; };
		B639503618FC51FB0052FD54 /* FLAirport.m in Sources */ = {isa = PBXBuildFile; fileRef = B639503518FC51FB0052FD54 /* FLAirport.m */; };
		B639503918FC532B0052FD54 /* FLCity.m in Sources */ = {isa = PBXBuildFile; fileRef = B639503818FC532B0052FD54 /* FLCity.m */; };
		B639503C18FC54740052FD54 /* FLCountry.m in Sources */ = {isa = PBXBuildFile; fileRef = B639503B18FC54740052FD54 /* FLCountry.m */; };
		B639503F18FC56AF0052FD54 /* FLDatabase.m in Sources */ = {isa = PBXBuildFile; fileRef = B639503E18FC56AF0052FD54 /* FLDatabase.m */; };
		B663EFF318E93FC60077E3FF /* FLMainViewController.m in Sources */ = {isa = PBXBuildFile; fileRef = B663EFF218E93FC60077E3FF /* FLMainViewController.m */; };
		B663EFF718E94A160077E3FF /* Localizable.strings in Resources */ = {isa = PBXBuildFile; fileRef = B663EFF918E94A160077E3FF /* Localizable.strings */; };
		B6777A6818E12E6700BD8F05 /* Foundation.framework in Frameworks */ = {isa = PBXBuildFile; fileRef = B6777A6718E12E6700BD8F05 /* Foundation.framework */; };
		B6777A6A18E12E6700BD8F05 /* CoreGraphics.framework in Frameworks */ = {isa = PBXBuildFile; fileRef = B6777A6918E12E6700BD8F05 /* CoreGraphics.framework */; };
		B6777A6C18E12E6700BD8F05 /* UIKit.framework in Frameworks */ = {isa = PBXBuildFile; fileRef = B6777A6B18E12E6700BD8F05 /* UIKit.framework */; };
		B6777A7218E12E6700BD8F05 /* InfoPlist.strings in Resources */ = {isa = PBXBuildFile; fileRef = B6777A7018E12E6700BD8F05 /* InfoPlist.strings */; };
		B6777A7418E12E6700BD8F05 /* main.m in Sources */ = {isa = PBXBuildFile; fileRef = B6777A7318E12E6700BD8F05 /* main.m */; };
		B6777A7818E12E6700BD8F05 /* FLAppDelegate.m in Sources */ = {isa = PBXBuildFile; fileRef = B6777A7718E12E6700BD8F05 /* FLAppDelegate.m */; };
		B6777A7B18E12E6700BD8F05 /* Main.storyboard in Resources */ = {isa = PBXBuildFile; fileRef = B6777A7918E12E6700BD8F05 /* Main.storyboard */; };
		B6777A7E18E12E6700BD8F05 /* FLViewController.m in Sources */ = {isa = PBXBuildFile; fileRef = B6777A7D18E12E6700BD8F05 /* FLViewController.m */; };
		B6777A8018E12E6700BD8F05 /* Images.xcassets in Resources */ = {isa = PBXBuildFile; fileRef = B6777A7F18E12E6700BD8F05 /* Images.xcassets */; };
		B6777A8718E12E6800BD8F05 /* XCTest.framework in Frameworks */ = {isa = PBXBuildFile; fileRef = B6777A8618E12E6800BD8F05 /* XCTest.framework */; };
		B6777A8818E12E6800BD8F05 /* Foundation.framework in Frameworks */ = {isa = PBXBuildFile; fileRef = B6777A6718E12E6700BD8F05 /* Foundation.framework */; };
		B6777A8918E12E6800BD8F05 /* UIKit.framework in Frameworks */ = {isa = PBXBuildFile; fileRef = B6777A6B18E12E6700BD8F05 /* UIKit.framework */; };
		B6777A9118E12E6800BD8F05 /* InfoPlist.strings in Resources */ = {isa = PBXBuildFile; fileRef = B6777A8F18E12E6800BD8F05 /* InfoPlist.strings */; };
		B6777A9318E12E6800BD8F05 /* FlightTests.m in Sources */ = {isa = PBXBuildFile; fileRef = B6777A9218E12E6800BD8F05 /* FlightTests.m */; };
		B6777B2D18E12F9D00BD8F05 /* libYT.a in Frameworks */ = {isa = PBXBuildFile; fileRef = B6777B1E18E12F5F00BD8F05 /* libYT.a */; };
		B6777B4818E1309A00BD8F05 /* Accelerate.framework in Frameworks */ = {isa = PBXBuildFile; fileRef = B6777B3018E1309900BD8F05 /* Accelerate.framework */; };
		B6777B4918E1309A00BD8F05 /* AddressBook.framework in Frameworks */ = {isa = PBXBuildFile; fileRef = B6777B3118E1309900BD8F05 /* AddressBook.framework */; };
		B6777B4A18E1309A00BD8F05 /* AudioToolbox.framework in Frameworks */ = {isa = PBXBuildFile; fileRef = B6777B3218E1309900BD8F05 /* AudioToolbox.framework */; };
		B6777B4B18E1309A00BD8F05 /* AVFoundation.framework in Frameworks */ = {isa = PBXBuildFile; fileRef = B6777B3318E1309900BD8F05 /* AVFoundation.framework */; };
		B6777B4C18E1309A00BD8F05 /* CFNetwork.framework in Frameworks */ = {isa = PBXBuildFile; fileRef = B6777B3418E1309900BD8F05 /* CFNetwork.framework */; };
		B6777B4D18E1309A00BD8F05 /* CoreData.framework in Frameworks */ = {isa = PBXBuildFile; fileRef = B6777B3518E1309900BD8F05 /* CoreData.framework */; };
		B6777B4E18E1309A00BD8F05 /* CoreFoundation.framework in Frameworks */ = {isa = PBXBuildFile; fileRef = B6777B3618E1309900BD8F05 /* CoreFoundation.framework */; };
		B6777B4F18E1309A00BD8F05 /* CoreImage.framework in Frameworks */ = {isa = PBXBuildFile; fileRef = B6777B3718E1309900BD8F05 /* CoreImage.framework */; };
		B6777B5018E1309A00BD8F05 /* CoreLocation.framework in Frameworks */ = {isa = PBXBuildFile; fileRef = B6777B3818E1309900BD8F05 /* CoreLocation.framework */; };
		B6777B5118E1309A00BD8F05 /* CoreMedia.framework in Frameworks */ = {isa = PBXBuildFile; fileRef = B6777B3918E1309900BD8F05 /* CoreMedia.framework */; };
		B6777B5218E1309A00BD8F05 /* CoreText.framework in Frameworks */ = {isa = PBXBuildFile; fileRef = B6777B3A18E1309A00BD8F05 /* CoreText.framework */; };
		B6777B5318E1309A00BD8F05 /* CoreVideo.framework in Frameworks */ = {isa = PBXBuildFile; fileRef = B6777B3B18E1309A00BD8F05 /* CoreVideo.framework */; };
		B6777B5418E1309A00BD8F05 /* ImageIO.framework in Frameworks */ = {isa = PBXBuildFile; fileRef = B6777B3C18E1309A00BD8F05 /* ImageIO.framework */; };
		B6777B5518E1309A00BD8F05 /* libsqlite3.dylib in Frameworks */ = {isa = PBXBuildFile; fileRef = B6777B3D18E1309A00BD8F05 /* libsqlite3.dylib */; };
		B6777B5618E1309A00BD8F05 /* libxml2.dylib in Frameworks */ = {isa = PBXBuildFile; fileRef = B6777B3E18E1309A00BD8F05 /* libxml2.dylib */; };
		B6777B5718E1309A00BD8F05 /* libz.dylib in Frameworks */ = {isa = PBXBuildFile; fileRef = B6777B3F18E1309A00BD8F05 /* libz.dylib */; };
		B6777B5818E1309A00BD8F05 /* MapKit.framework in Frameworks */ = {isa = PBXBuildFile; fileRef = B6777B4018E1309A00BD8F05 /* MapKit.framework */; };
		B6777B5918E1309A00BD8F05 /* MessageUI.framework in Frameworks */ = {isa = PBXBuildFile; fileRef = B6777B4118E1309A00BD8F05 /* MessageUI.framework */; };
		B6777B5A18E1309A00BD8F05 /* MobileCoreServices.framework in Frameworks */ = {isa = PBXBuildFile; fileRef = B6777B4218E1309A00BD8F05 /* MobileCoreServices.framework */; };
		B6777B5B18E1309A00BD8F05 /* OpenAL.framework in Frameworks */ = {isa = PBXBuildFile; fileRef = B6777B4318E1309A00BD8F05 /* OpenAL.framework */; };
		B6777B5C18E1309A00BD8F05 /* OpenGLES.framework in Frameworks */ = {isa = PBXBuildFile; fileRef = B6777B4418E1309A00BD8F05 /* OpenGLES.framework */; };
		B6777B5D18E1309A00BD8F05 /* QuartzCore.framework in Frameworks */ = {isa = PBXBuildFile; fileRef = B6777B4518E1309A00BD8F05 /* QuartzCore.framework */; };
		B6777B5E18E1309A00BD8F05 /* Security.framework in Frameworks */ = {isa = PBXBuildFile; fileRef = B6777B4618E1309A00BD8F05 /* Security.framework */; };
		B6777B5F18E1309A00BD8F05 /* SystemConfiguration.framework in Frameworks */ = {isa = PBXBuildFile; fileRef = B6777B4718E1309A00BD8F05 /* SystemConfiguration.framework */; };
		B6777B6918E1344300BD8F05 /* FLFlightMainViewController.m in Sources */ = {isa = PBXBuildFile; fileRef = B6777B6818E1344300BD8F05 /* FLFlightMainViewController.m */; };
/* End PBXBuildFile section */

/* Begin PBXContainerItemProxy section */
		B6777A8A18E12E6800BD8F05 /* PBXContainerItemProxy */ = {
			isa = PBXContainerItemProxy;
			containerPortal = B6777A5C18E12E6700BD8F05 /* Project object */;
			proxyType = 1;
			remoteGlobalIDString = B6777A6318E12E6700BD8F05;
			remoteInfo = Flight;
		};
		B6777ACF18E12F5F00BD8F05 /* PBXContainerItemProxy */ = {
			isa = PBXContainerItemProxy;
			containerPortal = B6777A9C18E12F5E00BD8F05 /* AdditionalLibrary.xcodeproj */;
			proxyType = 2;
			remoteGlobalIDString = 1D6058910D05DD3D006BFB54;
			remoteInfo = _AdditionalLibrary;
		};
		B6777AD118E12F5F00BD8F05 /* PBXContainerItemProxy */ = {
			isa = PBXContainerItemProxy;
			containerPortal = B6777A9C18E12F5E00BD8F05 /* AdditionalLibrary.xcodeproj */;
			proxyType = 2;
			remoteGlobalIDString = 425260BE1557919300D4D689;
			remoteInfo = ADLivelyTableView;
		};
		B6777AD318E12F5F00BD8F05 /* PBXContainerItemProxy */ = {
			isa = PBXContainerItemProxy;
			containerPortal = B6777A9C18E12F5E00BD8F05 /* AdditionalLibrary.xcodeproj */;
			proxyType = 2;
			remoteGlobalIDString = 42A445CF15C9293000A907F0;
			remoteInfo = ATMHud;
		};
		B6777AD518E12F5F00BD8F05 /* PBXContainerItemProxy */ = {
			isa = PBXContainerItemProxy;
			containerPortal = B6777A9C18E12F5E00BD8F05 /* AdditionalLibrary.xcodeproj */;
			proxyType = 2;
			remoteGlobalIDString = 42ABACAE1414790F00537B39;
			remoteInfo = ASIHTTPRequest;
		};
		B6777AD718E12F5F00BD8F05 /* PBXContainerItemProxy */ = {
			isa = PBXContainerItemProxy;
			containerPortal = B6777A9C18E12F5E00BD8F05 /* AdditionalLibrary.xcodeproj */;
			proxyType = 2;
			remoteGlobalIDString = 42F6636213E961770068F7CF;
			remoteInfo = AudioStreamer;
		};
		B6777AD918E12F5F00BD8F05 /* PBXContainerItemProxy */ = {
			isa = PBXContainerItemProxy;
			containerPortal = B6777A9C18E12F5E00BD8F05 /* AdditionalLibrary.xcodeproj */;
			proxyType = 2;
			remoteGlobalIDString = C4A0506D14756973006CC4B0;
			remoteInfo = CocoaAMF;
		};
		B6777ADB18E12F5F00BD8F05 /* PBXContainerItemProxy */ = {
			isa = PBXContainerItemProxy;
			containerPortal = B6777A9C18E12F5E00BD8F05 /* AdditionalLibrary.xcodeproj */;
			proxyType = 2;
			remoteGlobalIDString = C45A9F3015890A9B00019B38;
			remoteInfo = CocoaHTTPServer;
		};
		B6777ADD18E12F5F00BD8F05 /* PBXContainerItemProxy */ = {
			isa = PBXContainerItemProxy;
			containerPortal = B6777A9C18E12F5E00BD8F05 /* AdditionalLibrary.xcodeproj */;
			proxyType = 2;
			remoteGlobalIDString = 425AE9D0157341F40002CBE8;
			remoteInfo = CocoaSecurity;
		};
		B6777ADF18E12F5F00BD8F05 /* PBXContainerItemProxy */ = {
			isa = PBXContainerItemProxy;
			containerPortal = B6777A9C18E12F5E00BD8F05 /* AdditionalLibrary.xcodeproj */;
			proxyType = 2;
			remoteGlobalIDString = 4225CA4014F745DC003B893A;
			remoteInfo = CurledView;
		};
		B6777AE118E12F5F00BD8F05 /* PBXContainerItemProxy */ = {
			isa = PBXContainerItemProxy;
			containerPortal = B6777A9C18E12F5E00BD8F05 /* AdditionalLibrary.xcodeproj */;
			proxyType = 2;
			remoteGlobalIDString = 427B59F11473BA9A00747E9B;
			remoteInfo = DCRoundSwitch;
		};
		B6777AE318E12F5F00BD8F05 /* PBXContainerItemProxy */ = {
			isa = PBXContainerItemProxy;
			containerPortal = B6777A9C18E12F5E00BD8F05 /* AdditionalLibrary.xcodeproj */;
			proxyType = 2;
			remoteGlobalIDString = EF62BD25167580F300209E31;
			remoteInfo = DejalActivityView;
		};
		B6777AE518E12F5F00BD8F05 /* PBXContainerItemProxy */ = {
			isa = PBXContainerItemProxy;
			containerPortal = B6777A9C18E12F5E00BD8F05 /* AdditionalLibrary.xcodeproj */;
			proxyType = 2;
			remoteGlobalIDString = 42C218AA1498A60A00AD9FED;
			remoteInfo = EGOPhotoViewer;
		};
		B6777AE718E12F5F00BD8F05 /* PBXContainerItemProxy */ = {
			isa = PBXContainerItemProxy;
			containerPortal = B6777A9C18E12F5E00BD8F05 /* AdditionalLibrary.xcodeproj */;
			proxyType = 2;
			remoteGlobalIDString = 424C4E9B15D2321100DFF323;
			remoteInfo = FMDatabase;
		};
		B6777AE918E12F5F00BD8F05 /* PBXContainerItemProxy */ = {
			isa = PBXContainerItemProxy;
			containerPortal = B6777A9C18E12F5E00BD8F05 /* AdditionalLibrary.xcodeproj */;
			proxyType = 2;
			remoteGlobalIDString = 42F6627113E93E460068F7CF;
			remoteInfo = FTUtils;
		};
		B6777AEB18E12F5F00BD8F05 /* PBXContainerItemProxy */ = {
			isa = PBXContainerItemProxy;
			containerPortal = B6777A9C18E12F5E00BD8F05 /* AdditionalLibrary.xcodeproj */;
			proxyType = 2;
			remoteGlobalIDString = C414AB6A15DC20AB002DE598;
			remoteInfo = GMGridView;
		};
		B6777AED18E12F5F00BD8F05 /* PBXContainerItemProxy */ = {
			isa = PBXContainerItemProxy;
			containerPortal = B6777A9C18E12F5E00BD8F05 /* AdditionalLibrary.xcodeproj */;
			proxyType = 2;
			remoteGlobalIDString = 42E694D81574999200F9679F;
			remoteInfo = HTMLParser;
		};
		B6777AEF18E12F5F00BD8F05 /* PBXContainerItemProxy */ = {
			isa = PBXContainerItemProxy;
			containerPortal = B6777A9C18E12F5E00BD8F05 /* AdditionalLibrary.xcodeproj */;
			proxyType = 2;
			remoteGlobalIDString = 423F456415240BC900F11D23;
			remoteInfo = iCarousel;
		};
		B6777AF118E12F5F00BD8F05 /* PBXContainerItemProxy */ = {
			isa = PBXContainerItemProxy;
			containerPortal = B6777A9C18E12F5E00BD8F05 /* AdditionalLibrary.xcodeproj */;
			proxyType = 2;
			remoteGlobalIDString = 427EFF2415736A27009ED244;
			remoteInfo = ITNSStreamUtil;
		};
		B6777AF318E12F5F00BD8F05 /* PBXContainerItemProxy */ = {
			isa = PBXContainerItemProxy;
			containerPortal = B6777A9C18E12F5E00BD8F05 /* AdditionalLibrary.xcodeproj */;
			proxyType = 2;
			remoteGlobalIDString = 42EE4CE015760527003F2F57;
			remoteInfo = JSONKit;
		};
		B6777AF518E12F5F00BD8F05 /* PBXContainerItemProxy */ = {
			isa = PBXContainerItemProxy;
			containerPortal = B6777A9C18E12F5E00BD8F05 /* AdditionalLibrary.xcodeproj */;
			proxyType = 2;
			remoteGlobalIDString = 420E68C715CF6B5B001127FF;
			remoteInfo = KissXML;
		};
		B6777AF718E12F5F00BD8F05 /* PBXContainerItemProxy */ = {
			isa = PBXContainerItemProxy;
			containerPortal = B6777A9C18E12F5E00BD8F05 /* AdditionalLibrary.xcodeproj */;
			proxyType = 2;
			remoteGlobalIDString = 4208F52E15CA33860032490B;
			remoteInfo = MBProgressHUD;
		};
		B6777AF918E12F5F00BD8F05 /* PBXContainerItemProxy */ = {
			isa = PBXContainerItemProxy;
			containerPortal = B6777A9C18E12F5E00BD8F05 /* AdditionalLibrary.xcodeproj */;
			proxyType = 2;
			remoteGlobalIDString = 42448780156F729C0008055E;
			remoteInfo = MCSegmentedControl;
		};
		B6777AFB18E12F5F00BD8F05 /* PBXContainerItemProxy */ = {
			isa = PBXContainerItemProxy;
			containerPortal = B6777A9C18E12F5E00BD8F05 /* AdditionalLibrary.xcodeproj */;
			proxyType = 2;
			remoteGlobalIDString = 42596EC81566021E005366CD;
			remoteInfo = MGSplitViewController;
		};
		B6777AFD18E12F5F00BD8F05 /* PBXContainerItemProxy */ = {
			isa = PBXContainerItemProxy;
			containerPortal = B6777A9C18E12F5E00BD8F05 /* AdditionalLibrary.xcodeproj */;
			proxyType = 2;
			remoteGlobalIDString = 42A277231575EA53000C59A1;
			remoteInfo = NSLogger;
		};
		B6777AFF18E12F5F00BD8F05 /* PBXContainerItemProxy */ = {
			isa = PBXContainerItemProxy;
			containerPortal = B6777A9C18E12F5E00BD8F05 /* AdditionalLibrary.xcodeproj */;
			proxyType = 2;
			remoteGlobalIDString = 4284E72A1585B6BC0089718F;
			remoteInfo = "Objective-Zip";
		};
		B6777B0118E12F5F00BD8F05 /* PBXContainerItemProxy */ = {
			isa = PBXContainerItemProxy;
			containerPortal = B6777A9C18E12F5E00BD8F05 /* AdditionalLibrary.xcodeproj */;
			proxyType = 2;
			remoteGlobalIDString = C4DA0F81155E948F0079321E;
			remoteInfo = PetHunter;
		};
		B6777B0318E12F5F00BD8F05 /* PBXContainerItemProxy */ = {
			isa = PBXContainerItemProxy;
			containerPortal = B6777A9C18E12F5E00BD8F05 /* AdditionalLibrary.xcodeproj */;
			proxyType = 2;
			remoteGlobalIDString = EFD7270916685D0700A2FE60;
			remoteInfo = RNTextStatistics;
		};
		B6777B0518E12F5F00BD8F05 /* PBXContainerItemProxy */ = {
			isa = PBXContainerItemProxy;
			containerPortal = B6777A9C18E12F5E00BD8F05 /* AdditionalLibrary.xcodeproj */;
			proxyType = 2;
			remoteGlobalIDString = C4640F7C15565B1D0029DF8F;
			remoteInfo = PrettyKit;
		};
		B6777B0718E12F5F00BD8F05 /* PBXContainerItemProxy */ = {
			isa = PBXContainerItemProxy;
			containerPortal = B6777A9C18E12F5E00BD8F05 /* AdditionalLibrary.xcodeproj */;
			proxyType = 2;
			remoteGlobalIDString = 42BB88481495F8960099E2E4;
			remoteInfo = RTLabel;
		};
		B6777B0918E12F5F00BD8F05 /* PBXContainerItemProxy */ = {
			isa = PBXContainerItemProxy;
			containerPortal = B6777A9C18E12F5E00BD8F05 /* AdditionalLibrary.xcodeproj */;
			proxyType = 2;
			remoteGlobalIDString = 4225CA9314F74D78003B893A;
			remoteInfo = SpriteAnimation;
		};
		B6777B0B18E12F5F00BD8F05 /* PBXContainerItemProxy */ = {
			isa = PBXContainerItemProxy;
			containerPortal = B6777A9C18E12F5E00BD8F05 /* AdditionalLibrary.xcodeproj */;
			proxyType = 2;
			remoteGlobalIDString = 425AE96615733DF10002CBE8;
			remoteInfo = StyledPageControl;
		};
		B6777B0D18E12F5F00BD8F05 /* PBXContainerItemProxy */ = {
			isa = PBXContainerItemProxy;
			containerPortal = B6777A9C18E12F5E00BD8F05 /* AdditionalLibrary.xcodeproj */;
			proxyType = 2;
			remoteGlobalIDString = 42EE4D1D15760FB3003F2F57;
			remoteInfo = SVGeocoder;
		};
		B6777B0F18E12F5F00BD8F05 /* PBXContainerItemProxy */ = {
			isa = PBXContainerItemProxy;
			containerPortal = B6777A9C18E12F5E00BD8F05 /* AdditionalLibrary.xcodeproj */;
			proxyType = 2;
			remoteGlobalIDString = 42BB886C1495F97D0099E2E4;
			remoteInfo = SVProgressHUD;
		};
		B6777B1118E12F5F00BD8F05 /* PBXContainerItemProxy */ = {
			isa = PBXContainerItemProxy;
			containerPortal = B6777A9C18E12F5E00BD8F05 /* AdditionalLibrary.xcodeproj */;
			proxyType = 2;
			remoteGlobalIDString = 42EE4CFB15760AE3003F2F57;
			remoteInfo = SVPullToRefresh;
		};
		B6777B1318E12F5F00BD8F05 /* PBXContainerItemProxy */ = {
			isa = PBXContainerItemProxy;
			containerPortal = B6777A9C18E12F5E00BD8F05 /* AdditionalLibrary.xcodeproj */;
			proxyType = 2;
			remoteGlobalIDString = 42EE4E5A15775D16003F2F57;
			remoteInfo = SYCache;
		};
		B6777B1518E12F5F00BD8F05 /* PBXContainerItemProxy */ = {
			isa = PBXContainerItemProxy;
			containerPortal = B6777A9C18E12F5E00BD8F05 /* AdditionalLibrary.xcodeproj */;
			proxyType = 2;
			remoteGlobalIDString = 42EE4E6C15775DA4003F2F57;
			remoteInfo = SYCompositor;
		};
		B6777B1718E12F5F00BD8F05 /* PBXContainerItemProxy */ = {
			isa = PBXContainerItemProxy;
			containerPortal = B6777A9C18E12F5E00BD8F05 /* AdditionalLibrary.xcodeproj */;
			proxyType = 2;
			remoteGlobalIDString = 42EE4E8315775E4B003F2F57;
			remoteInfo = SYPaginator;
		};
		B6777B1918E12F5F00BD8F05 /* PBXContainerItemProxy */ = {
			isa = PBXContainerItemProxy;
			containerPortal = B6777A9C18E12F5E00BD8F05 /* AdditionalLibrary.xcodeproj */;
			proxyType = 2;
			remoteGlobalIDString = 42AD39C714F7712300C18A08;
			remoteInfo = UAModalPanel;
		};
		B6777B1B18E12F5F00BD8F05 /* PBXContainerItemProxy */ = {
			isa = PBXContainerItemProxy;
			containerPortal = B6777A9C18E12F5E00BD8F05 /* AdditionalLibrary.xcodeproj */;
			proxyType = 2;
			remoteGlobalIDString = 4204BF2F15578ABE00DCA6E7;
			remoteInfo = UIGlossyButton;
		};
		B6777B1D18E12F5F00BD8F05 /* PBXContainerItemProxy */ = {
			isa = PBXContainerItemProxy;
			containerPortal = B6777A9C18E12F5E00BD8F05 /* AdditionalLibrary.xcodeproj */;
			proxyType = 2;
			remoteGlobalIDString = 42F65A6F13E6AD3F0068F7CF;
			remoteInfo = YTLibrary;
		};
		B6777B1F18E12F5F00BD8F05 /* PBXContainerItemProxy */ = {
			isa = PBXContainerItemProxy;
			containerPortal = B6777A9C18E12F5E00BD8F05 /* AdditionalLibrary.xcodeproj */;
			proxyType = 2;
			remoteGlobalIDString = 42F6605C13E92D330068F7CF;
			remoteInfo = ZipArchive;
		};
		B6777B2118E12F5F00BD8F05 /* PBXContainerItemProxy */ = {
			isa = PBXContainerItemProxy;
			containerPortal = B6777A9C18E12F5E00BD8F05 /* AdditionalLibrary.xcodeproj */;
			proxyType = 2;
			remoteGlobalIDString = 42BA66041590927F00092EA6;
			remoteInfo = MiniZip;
		};
		B6777B2318E12F5F00BD8F05 /* PBXContainerItemProxy */ = {
			isa = PBXContainerItemProxy;
			containerPortal = B6777A9C18E12F5E00BD8F05 /* AdditionalLibrary.xcodeproj */;
			proxyType = 2;
			remoteGlobalIDString = C43916881590EB31001DBE24;
			remoteInfo = YTFramework;
		};
		B6777B2518E12F5F00BD8F05 /* PBXContainerItemProxy */ = {
			isa = PBXContainerItemProxy;
			containerPortal = B6777A9C18E12F5E00BD8F05 /* AdditionalLibrary.xcodeproj */;
			proxyType = 2;
			remoteGlobalIDString = EF62BD451675831200209E31;
			remoteInfo = WCAlertView;
		};
		B6777B2718E12F5F00BD8F05 /* PBXContainerItemProxy */ = {
			isa = PBXContainerItemProxy;
			containerPortal = B6777A9C18E12F5E00BD8F05 /* AdditionalLibrary.xcodeproj */;
			proxyType = 2;
			remoteGlobalIDString = EF6B3EE116C3A83C006CD7A0;
			remoteInfo = NVSlideMenuController;
		};
		B6777B2918E12F5F00BD8F05 /* PBXContainerItemProxy */ = {
			isa = PBXContainerItemProxy;
			containerPortal = B6777A9C18E12F5E00BD8F05 /* AdditionalLibrary.xcodeproj */;
			proxyType = 2;
			remoteGlobalIDString = EF8193271755E5D3008D1FC3;
			remoteInfo = APSplitViewController;
		};
		B6777B2B18E12F9100BD8F05 /* PBXContainerItemProxy */ = {
			isa = PBXContainerItemProxy;
			containerPortal = B6777A9C18E12F5E00BD8F05 /* AdditionalLibrary.xcodeproj */;
			proxyType = 1;
			remoteGlobalIDString = 42F65A6E13E6AD3F0068F7CF;
			remoteInfo = YTLibrary;
		};
/* End PBXContainerItemProxy section */

/* Begin PBXFileReference section */
		B6394FFB18FC4F5E0052FD54 /* Flight.sqlite */ = {isa = PBXFileReference; lastKnownFileType = file; path = Flight.sqlite; sourceTree = "<group>"; };
		B639502C18FC4FC40052FD54 /* FLAirline.h */ = {isa = PBXFileReference; fileEncoding = 4; lastKnownFileType = sourcecode.c.h; path = FLAirline.h; sourceTree = "<group>"; };
		B639502D18FC4FC40052FD54 /* FLAirline.m */ = {isa = PBXFileReference; fileEncoding = 4; lastKnownFileType = sourcecode.c.objc; path = FLAirline.m; sourceTree = "<group>"; };
		B639503418FC51FB0052FD54 /* FLAirport.h */ = {isa = PBXFileReference; fileEncoding = 4; lastKnownFileType = sourcecode.c.h; path = FLAirport.h; sourceTree = "<group>"; };
		B639503518FC51FB0052FD54 /* FLAirport.m */ = {isa = PBXFileReference; fileEncoding = 4; lastKnownFileType = sourcecode.c.objc; path = FLAirport.m; sourceTree = "<group>"; };
		B639503718FC532B0052FD54 /* FLCity.h */ = {isa = PBXFileReference; fileEncoding = 4; lastKnownFileType = sourcecode.c.h; path = FLCity.h; sourceTree = "<group>"; };
		B639503818FC532B0052FD54 /* FLCity.m */ = {isa = PBXFileReference; fileEncoding = 4; lastKnownFileType = sourcecode.c.objc; path = FLCity.m; sourceTree = "<group>"; };
		B639503A18FC54740052FD54 /* FLCountry.h */ = {isa = PBXFileReference; fileEncoding = 4; lastKnownFileType = sourcecode.c.h; path = FLCountry.h; sourceTree = "<group>"; };
		B639503B18FC54740052FD54 /* FLCountry.m */ = {isa = PBXFileReference; fileEncoding = 4; lastKnownFileType = sourcecode.c.objc; path = FLCountry.m; sourceTree = "<group>"; };
		B639503D18FC56AF0052FD54 /* FLDatabase.h */ = {isa = PBXFileReference; fileEncoding = 4; lastKnownFileType = sourcecode.c.h; path = FLDatabase.h; sourceTree = "<group>"; };
		B639503E18FC56AF0052FD54 /* FLDatabase.m */ = {isa = PBXFileReference; fileEncoding = 4; lastKnownFileType = sourcecode.c.objc; path = FLDatabase.m; sourceTree = "<group>"; };
		B663EFF118E93FC60077E3FF /* FLMainViewController.h */ = {isa = PBXFileReference; fileEncoding = 4; lastKnownFileType = sourcecode.c.h; path = FLMainViewController.h; sourceTree = "<group>"; };
		B663EFF218E93FC60077E3FF /* FLMainViewController.m */ = {isa = PBXFileReference; fileEncoding = 4; lastKnownFileType = sourcecode.c.objc; path = FLMainViewController.m; sourceTree = "<group>"; };
		B663EFF818E94A160077E3FF /* en */ = {isa = PBXFileReference; lastKnownFileType = text.plist.strings; name = en; path = en.lproj/Localizable.strings; sourceTree = "<group>"; };
		B6777A6418E12E6700BD8F05 /* Flight.app */ = {isa = PBXFileReference; explicitFileType = wrapper.application; includeInIndex = 0; path = Flight.app; sourceTree = BUILT_PRODUCTS_DIR; };
		B6777A6718E12E6700BD8F05 /* Foundation.framework */ = {isa = PBXFileReference; lastKnownFileType = wrapper.framework; name = Foundation.framework; path = System/Library/Frameworks/Foundation.framework; sourceTree = SDKROOT; };
		B6777A6918E12E6700BD8F05 /* CoreGraphics.framework */ = {isa = PBXFileReference; lastKnownFileType = wrapper.framework; name = CoreGraphics.framework; path = System/Library/Frameworks/CoreGraphics.framework; sourceTree = SDKROOT; };
		B6777A6B18E12E6700BD8F05 /* UIKit.framework */ = {isa = PBXFileReference; lastKnownFileType = wrapper.framework; name = UIKit.framework; path = System/Library/Frameworks/UIKit.framework; sourceTree = SDKROOT; };
		B6777A6F18E12E6700BD8F05 /* Flight-Info.plist */ = {isa = PBXFileReference; lastKnownFileType = text.plist.xml; path = "Flight-Info.plist"; sourceTree = "<group>"; };
		B6777A7118E12E6700BD8F05 /* en */ = {isa = PBXFileReference; lastKnownFileType = text.plist.strings; name = en; path = en.lproj/InfoPlist.strings; sourceTree = "<group>"; };
		B6777A7318E12E6700BD8F05 /* main.m */ = {isa = PBXFileReference; lastKnownFileType = sourcecode.c.objc; path = main.m; sourceTree = "<group>"; };
		B6777A7518E12E6700BD8F05 /* Flight-Prefix.pch */ = {isa = PBXFileReference; lastKnownFileType = sourcecode.c.h; path = "Flight-Prefix.pch"; sourceTree = "<group>"; };
		B6777A7618E12E6700BD8F05 /* FLAppDelegate.h */ = {isa = PBXFileReference; lastKnownFileType = sourcecode.c.h; path = FLAppDelegate.h; sourceTree = "<group>"; };
		B6777A7718E12E6700BD8F05 /* FLAppDelegate.m */ = {isa = PBXFileReference; lastKnownFileType = sourcecode.c.objc; path = FLAppDelegate.m; sourceTree = "<group>"; };
		B6777A7A18E12E6700BD8F05 /* Base */ = {isa = PBXFileReference; lastKnownFileType = file.storyboard; name = Base; path = Base.lproj/Main.storyboard; sourceTree = "<group>"; };
		B6777A7C18E12E6700BD8F05 /* FLViewController.h */ = {isa = PBXFileReference; lastKnownFileType = sourcecode.c.h; path = FLViewController.h; sourceTree = "<group>"; };
		B6777A7D18E12E6700BD8F05 /* FLViewController.m */ = {isa = PBXFileReference; lastKnownFileType = sourcecode.c.objc; path = FLViewController.m; sourceTree = "<group>"; };
		B6777A7F18E12E6700BD8F05 /* Images.xcassets */ = {isa = PBXFileReference; lastKnownFileType = folder.assetcatalog; path = Images.xcassets; sourceTree = "<group>"; };
		B6777A8518E12E6800BD8F05 /* FlightTests.xctest */ = {isa = PBXFileReference; explicitFileType = wrapper.cfbundle; includeInIndex = 0; path = FlightTests.xctest; sourceTree = BUILT_PRODUCTS_DIR; };
		B6777A8618E12E6800BD8F05 /* XCTest.framework */ = {isa = PBXFileReference; lastKnownFileType = wrapper.framework; name = XCTest.framework; path = Library/Frameworks/XCTest.framework; sourceTree = DEVELOPER_DIR; };
		B6777A8E18E12E6800BD8F05 /* FlightTests-Info.plist */ = {isa = PBXFileReference; lastKnownFileType = text.plist.xml; path = "FlightTests-Info.plist"; sourceTree = "<group>"; };
		B6777A9018E12E6800BD8F05 /* en */ = {isa = PBXFileReference; lastKnownFileType = text.plist.strings; name = en; path = en.lproj/InfoPlist.strings; sourceTree = "<group>"; };
		B6777A9218E12E6800BD8F05 /* FlightTests.m */ = {isa = PBXFileReference; lastKnownFileType = sourcecode.c.objc; path = FlightTests.m; sourceTree = "<group>"; };
		B6777A9C18E12F5E00BD8F05 /* AdditionalLibrary.xcodeproj */ = {isa = PBXFileReference; lastKnownFileType = "wrapper.pb-project"; name = AdditionalLibrary.xcodeproj; path = ../../AdditionalLibrary/AdditionalLibrary.xcodeproj; sourceTree = "<group>"; };
		B6777B3018E1309900BD8F05 /* Accelerate.framework */ = {isa = PBXFileReference; lastKnownFileType = wrapper.framework; name = Accelerate.framework; path = System/Library/Frameworks/Accelerate.framework; sourceTree = SDKROOT; };
		B6777B3118E1309900BD8F05 /* AddressBook.framework */ = {isa = PBXFileReference; lastKnownFileType = wrapper.framework; name = AddressBook.framework; path = System/Library/Frameworks/AddressBook.framework; sourceTree = SDKROOT; };
		B6777B3218E1309900BD8F05 /* AudioToolbox.framework */ = {isa = PBXFileReference; lastKnownFileType = wrapper.framework; name = AudioToolbox.framework; path = System/Library/Frameworks/AudioToolbox.framework; sourceTree = SDKROOT; };
		B6777B3318E1309900BD8F05 /* AVFoundation.framework */ = {isa = PBXFileReference; lastKnownFileType = wrapper.framework; name = AVFoundation.framework; path = System/Library/Frameworks/AVFoundation.framework; sourceTree = SDKROOT; };
		B6777B3418E1309900BD8F05 /* CFNetwork.framework */ = {isa = PBXFileReference; lastKnownFileType = wrapper.framework; name = CFNetwork.framework; path = System/Library/Frameworks/CFNetwork.framework; sourceTree = SDKROOT; };
		B6777B3518E1309900BD8F05 /* CoreData.framework */ = {isa = PBXFileReference; lastKnownFileType = wrapper.framework; name = CoreData.framework; path = System/Library/Frameworks/CoreData.framework; sourceTree = SDKROOT; };
		B6777B3618E1309900BD8F05 /* CoreFoundation.framework */ = {isa = PBXFileReference; lastKnownFileType = wrapper.framework; name = CoreFoundation.framework; path = System/Library/Frameworks/CoreFoundation.framework; sourceTree = SDKROOT; };
		B6777B3718E1309900BD8F05 /* CoreImage.framework */ = {isa = PBXFileReference; lastKnownFileType = wrapper.framework; name = CoreImage.framework; path = System/Library/Frameworks/CoreImage.framework; sourceTree = SDKROOT; };
		B6777B3818E1309900BD8F05 /* CoreLocation.framework */ = {isa = PBXFileReference; lastKnownFileType = wrapper.framework; name = CoreLocation.framework; path = System/Library/Frameworks/CoreLocation.framework; sourceTree = SDKROOT; };
		B6777B3918E1309900BD8F05 /* CoreMedia.framework */ = {isa = PBXFileReference; lastKnownFileType = wrapper.framework; name = CoreMedia.framework; path = System/Library/Frameworks/CoreMedia.framework; sourceTree = SDKROOT; };
		B6777B3A18E1309A00BD8F05 /* CoreText.framework */ = {isa = PBXFileReference; lastKnownFileType = wrapper.framework; name = CoreText.framework; path = System/Library/Frameworks/CoreText.framework; sourceTree = SDKROOT; };
		B6777B3B18E1309A00BD8F05 /* CoreVideo.framework */ = {isa = PBXFileReference; lastKnownFileType = wrapper.framework; name = CoreVideo.framework; path = System/Library/Frameworks/CoreVideo.framework; sourceTree = SDKROOT; };
		B6777B3C18E1309A00BD8F05 /* ImageIO.framework */ = {isa = PBXFileReference; lastKnownFileType = wrapper.framework; name = ImageIO.framework; path = System/Library/Frameworks/ImageIO.framework; sourceTree = SDKROOT; };
		B6777B3D18E1309A00BD8F05 /* libsqlite3.dylib */ = {isa = PBXFileReference; lastKnownFileType = "compiled.mach-o.dylib"; name = libsqlite3.dylib; path = usr/lib/libsqlite3.dylib; sourceTree = SDKROOT; };
		B6777B3E18E1309A00BD8F05 /* libxml2.dylib */ = {isa = PBXFileReference; lastKnownFileType = "compiled.mach-o.dylib"; name = libxml2.dylib; path = usr/lib/libxml2.dylib; sourceTree = SDKROOT; };
		B6777B3F18E1309A00BD8F05 /* libz.dylib */ = {isa = PBXFileReference; lastKnownFileType = "compiled.mach-o.dylib"; name = libz.dylib; path = usr/lib/libz.dylib; sourceTree = SDKROOT; };
		B6777B4018E1309A00BD8F05 /* MapKit.framework */ = {isa = PBXFileReference; lastKnownFileType = wrapper.framework; name = MapKit.framework; path = System/Library/Frameworks/MapKit.framework; sourceTree = SDKROOT; };
		B6777B4118E1309A00BD8F05 /* MessageUI.framework */ = {isa = PBXFileReference; lastKnownFileType = wrapper.framework; name = MessageUI.framework; path = System/Library/Frameworks/MessageUI.framework; sourceTree = SDKROOT; };
		B6777B4218E1309A00BD8F05 /* MobileCoreServices.framework */ = {isa = PBXFileReference; lastKnownFileType = wrapper.framework; name = MobileCoreServices.framework; path = System/Library/Frameworks/MobileCoreServices.framework; sourceTree = SDKROOT; };
		B6777B4318E1309A00BD8F05 /* OpenAL.framework */ = {isa = PBXFileReference; lastKnownFileType = wrapper.framework; name = OpenAL.framework; path = System/Library/Frameworks/OpenAL.framework; sourceTree = SDKROOT; };
		B6777B4418E1309A00BD8F05 /* OpenGLES.framework */ = {isa = PBXFileReference; lastKnownFileType = wrapper.framework; name = OpenGLES.framework; path = System/Library/Frameworks/OpenGLES.framework; sourceTree = SDKROOT; };
		B6777B4518E1309A00BD8F05 /* QuartzCore.framework */ = {isa = PBXFileReference; lastKnownFileType = wrapper.framework; name = QuartzCore.framework; path = System/Library/Frameworks/QuartzCore.framework; sourceTree = SDKROOT; };
		B6777B4618E1309A00BD8F05 /* Security.framework */ = {isa = PBXFileReference; lastKnownFileType = wrapper.framework; name = Security.framework; path = System/Library/Frameworks/Security.framework; sourceTree = SDKROOT; };
		B6777B4718E1309A00BD8F05 /* SystemConfiguration.framework */ = {isa = PBXFileReference; lastKnownFileType = wrapper.framework; name = SystemConfiguration.framework; path = System/Library/Frameworks/SystemConfiguration.framework; sourceTree = SDKROOT; };
		B6777B6718E1344300BD8F05 /* FLFlightMainViewController.h */ = {isa = PBXFileReference; fileEncoding = 4; lastKnownFileType = sourcecode.c.h; path = FLFlightMainViewController.h; sourceTree = "<group>"; };
		B6777B6818E1344300BD8F05 /* FLFlightMainViewController.m */ = {isa = PBXFileReference; fileEncoding = 4; lastKnownFileType = sourcecode.c.objc; path = FLFlightMainViewController.m; sourceTree = "<group>"; };
/* End PBXFileReference section */

/* Begin PBXFrameworksBuildPhase section */
		B6777A6118E12E6700BD8F05 /* Frameworks */ = {
			isa = PBXFrameworksBuildPhase;
			buildActionMask = 2147483647;
			files = (
				B6777B4818E1309A00BD8F05 /* Accelerate.framework in Frameworks */,
				B6777B4918E1309A00BD8F05 /* AddressBook.framework in Frameworks */,
				B6777B4A18E1309A00BD8F05 /* AudioToolbox.framework in Frameworks */,
				B6777B4B18E1309A00BD8F05 /* AVFoundation.framework in Frameworks */,
				B6777B4C18E1309A00BD8F05 /* CFNetwork.framework in Frameworks */,
				B6777B4D18E1309A00BD8F05 /* CoreData.framework in Frameworks */,
				B6777B4E18E1309A00BD8F05 /* CoreFoundation.framework in Frameworks */,
				B6777B4F18E1309A00BD8F05 /* CoreImage.framework in Frameworks */,
				B6777B5018E1309A00BD8F05 /* CoreLocation.framework in Frameworks */,
				B6777B5118E1309A00BD8F05 /* CoreMedia.framework in Frameworks */,
				B6777B5218E1309A00BD8F05 /* CoreText.framework in Frameworks */,
				B6777B5318E1309A00BD8F05 /* CoreVideo.framework in Frameworks */,
				B6777B5418E1309A00BD8F05 /* ImageIO.framework in Frameworks */,
				B6777B5518E1309A00BD8F05 /* libsqlite3.dylib in Frameworks */,
				B6777B5618E1309A00BD8F05 /* libxml2.dylib in Frameworks */,
				B6777B5718E1309A00BD8F05 /* libz.dylib in Frameworks */,
				B6777B5818E1309A00BD8F05 /* MapKit.framework in Frameworks */,
				B6777B5918E1309A00BD8F05 /* MessageUI.framework in Frameworks */,
				B6777B5A18E1309A00BD8F05 /* MobileCoreServices.framework in Frameworks */,
				B6777B5B18E1309A00BD8F05 /* OpenAL.framework in Frameworks */,
				B6777B5C18E1309A00BD8F05 /* OpenGLES.framework in Frameworks */,
				B6777B5D18E1309A00BD8F05 /* QuartzCore.framework in Frameworks */,
				B6777B5E18E1309A00BD8F05 /* Security.framework in Frameworks */,
				B6777B5F18E1309A00BD8F05 /* SystemConfiguration.framework in Frameworks */,
				B6777A6A18E12E6700BD8F05 /* CoreGraphics.framework in Frameworks */,
				B6777B2D18E12F9D00BD8F05 /* libYT.a in Frameworks */,
				B6777A6C18E12E6700BD8F05 /* UIKit.framework in Frameworks */,
				B6777A6818E12E6700BD8F05 /* Foundation.framework in Frameworks */,
			);
			runOnlyForDeploymentPostprocessing = 0;
		};
		B6777A8218E12E6800BD8F05 /* Frameworks */ = {
			isa = PBXFrameworksBuildPhase;
			buildActionMask = 2147483647;
			files = (
				B6777A8718E12E6800BD8F05 /* XCTest.framework in Frameworks */,
				B6777A8918E12E6800BD8F05 /* UIKit.framework in Frameworks */,
				B6777A8818E12E6800BD8F05 /* Foundation.framework in Frameworks */,
			);
			runOnlyForDeploymentPostprocessing = 0;
		};
/* End PBXFrameworksBuildPhase section */

/* Begin PBXGroup section */
		B6394FFA18FC4F5E0052FD54 /* Resources */ = {
			isa = PBXGroup;
			children = (
				B6394FFB18FC4F5E0052FD54 /* Flight.sqlite */,
			);
			name = Resources;
			path = ../../../../Bitbucket/iOS/Flight/Flight/Flight/Resources;
			sourceTree = "<group>";
		};
		B639502B18FC4F8F0052FD54 /* Models */ = {
			isa = PBXGroup;
			children = (
				B639503318FC51DF0052FD54 /* Database Models */,
				B639503D18FC56AF0052FD54 /* FLDatabase.h */,
				B639503E18FC56AF0052FD54 /* FLDatabase.m */,
			);
			name = Models;
			sourceTree = "<group>";
		};
		B639503318FC51DF0052FD54 /* Database Models */ = {
			isa = PBXGroup;
			children = (
				B639502C18FC4FC40052FD54 /* FLAirline.h */,
				B639502D18FC4FC40052FD54 /* FLAirline.m */,
				B639503418FC51FB0052FD54 /* FLAirport.h */,
				B639503518FC51FB0052FD54 /* FLAirport.m */,
				B639503718FC532B0052FD54 /* FLCity.h */,
				B639503818FC532B0052FD54 /* FLCity.m */,
				B639503A18FC54740052FD54 /* FLCountry.h */,
				B639503B18FC54740052FD54 /* FLCountry.m */,
			);
			name = "Database Models";
			sourceTree = "<group>";
		};
		B663EFF018E93FAE0077E3FF /* Main */ = {
			isa = PBXGroup;
			children = (
				B663EFF118E93FC60077E3FF /* FLMainViewController.h */,
				B663EFF218E93FC60077E3FF /* FLMainViewController.m */,
			);
			name = Main;
			sourceTree = "<group>";
		};
		B663EFF418E93FE00077E3FF /* Base */ = {
			isa = PBXGroup;
			children = (
				B6777A7C18E12E6700BD8F05 /* FLViewController.h */,
				B6777A7D18E12E6700BD8F05 /* FLViewController.m */,
			);
			name = Base;
			sourceTree = "<group>";
		};
		B6777A5B18E12E6700BD8F05 = {
			isa = PBXGroup;
			children = (
				B6777A6D18E12E6700BD8F05 /* Flight */,
				B6777A8C18E12E6800BD8F05 /* FlightTests */,
				B6777A6618E12E6700BD8F05 /* Frameworks */,
				B6777A6518E12E6700BD8F05 /* Products */,
			);
			sourceTree = "<group>";
		};
		B6777A6518E12E6700BD8F05 /* Products */ = {
			isa = PBXGroup;
			children = (
				B6777A6418E12E6700BD8F05 /* Flight.app */,
				B6777A8518E12E6800BD8F05 /* FlightTests.xctest */,
			);
			name = Products;
			sourceTree = "<group>";
		};
		B6777A6618E12E6700BD8F05 /* Frameworks */ = {
			isa = PBXGroup;
			children = (
				B6777B3018E1309900BD8F05 /* Accelerate.framework */,
				B6777A9C18E12F5E00BD8F05 /* AdditionalLibrary.xcodeproj */,
				B6777B3118E1309900BD8F05 /* AddressBook.framework */,
				B6777B3218E1309900BD8F05 /* AudioToolbox.framework */,
				B6777B3318E1309900BD8F05 /* AVFoundation.framework */,
				B6777B3418E1309900BD8F05 /* CFNetwork.framework */,
				B6777B3518E1309900BD8F05 /* CoreData.framework */,
				B6777B3618E1309900BD8F05 /* CoreFoundation.framework */,
				B6777A6918E12E6700BD8F05 /* CoreGraphics.framework */,
				B6777B3718E1309900BD8F05 /* CoreImage.framework */,
				B6777B3818E1309900BD8F05 /* CoreLocation.framework */,
				B6777B3918E1309900BD8F05 /* CoreMedia.framework */,
				B6777B3A18E1309A00BD8F05 /* CoreText.framework */,
				B6777B3B18E1309A00BD8F05 /* CoreVideo.framework */,
				B6777A6718E12E6700BD8F05 /* Foundation.framework */,
				B6777B3C18E1309A00BD8F05 /* ImageIO.framework */,
				B6777B3D18E1309A00BD8F05 /* libsqlite3.dylib */,
				B6777B3E18E1309A00BD8F05 /* libxml2.dylib */,
				B6777B3F18E1309A00BD8F05 /* libz.dylib */,
				B6777B4018E1309A00BD8F05 /* MapKit.framework */,
				B6777B4118E1309A00BD8F05 /* MessageUI.framework */,
				B6777B4218E1309A00BD8F05 /* MobileCoreServices.framework */,
				B6777B4318E1309A00BD8F05 /* OpenAL.framework */,
				B6777B4418E1309A00BD8F05 /* OpenGLES.framework */,
				B6777B4518E1309A00BD8F05 /* QuartzCore.framework */,
				B6777B4618E1309A00BD8F05 /* Security.framework */,
				B6777B4718E1309A00BD8F05 /* SystemConfiguration.framework */,
				B6777A6B18E12E6700BD8F05 /* UIKit.framework */,
				B6777A8618E12E6800BD8F05 /* XCTest.framework */,
			);
			name = Frameworks;
			sourceTree = "<group>";
		};
		B6777A6D18E12E6700BD8F05 /* Flight */ = {
			isa = PBXGroup;
			children = (
				B6777B6218E1316F00BD8F05 /* Classes */,
				B6777A7F18E12E6700BD8F05 /* Images.xcassets */,
				B6777A7918E12E6700BD8F05 /* Main.storyboard */,
				B6777A6E18E12E6700BD8F05 /* Supporting Files */,
			);
			path = Flight;
			sourceTree = "<group>";
		};
		B6777A6E18E12E6700BD8F05 /* Supporting Files */ = {
			isa = PBXGroup;
			children = (
				B6394FFA18FC4F5E0052FD54 /* Resources */,
				B6777A6F18E12E6700BD8F05 /* Flight-Info.plist */,
				B6777A7018E12E6700BD8F05 /* InfoPlist.strings */,
				B6777A7318E12E6700BD8F05 /* main.m */,
				B6777A7518E12E6700BD8F05 /* Flight-Prefix.pch */,
				B663EFF918E94A160077E3FF /* Localizable.strings */,
			);
			name = "Supporting Files";
			sourceTree = "<group>";
		};
		B6777A8C18E12E6800BD8F05 /* FlightTests */ = {
			isa = PBXGroup;
			children = (
				B6777A9218E12E6800BD8F05 /* FlightTests.m */,
				B6777A8D18E12E6800BD8F05 /* Supporting Files */,
			);
			path = FlightTests;
			sourceTree = "<group>";
		};
		B6777A8D18E12E6800BD8F05 /* Supporting Files */ = {
			isa = PBXGroup;
			children = (
				B6777A8E18E12E6800BD8F05 /* FlightTests-Info.plist */,
				B6777A8F18E12E6800BD8F05 /* InfoPlist.strings */,
			);
			name = "Supporting Files";
			sourceTree = "<group>";
		};
		B6777A9D18E12F5E00BD8F05 /* Products */ = {
			isa = PBXGroup;
			children = (
				B6777AD018E12F5F00BD8F05 /* AdditionalLibrary.app */,
				B6777AD218E12F5F00BD8F05 /* libADLivelyTableView.a */,
				B6777AD418E12F5F00BD8F05 /* libATMHud.a */,
				B6777AD618E12F5F00BD8F05 /* libASIHTTPRequest.a */,
				B6777AD818E12F5F00BD8F05 /* libAudioStreamer.a */,
				B6777ADA18E12F5F00BD8F05 /* libCocoaAMF.a */,
				B6777ADC18E12F5F00BD8F05 /* libCocoaHTTPServer.a */,
				B6777ADE18E12F5F00BD8F05 /* libCocoaSecurity.a */,
				B6777AE018E12F5F00BD8F05 /* libCurledView.a */,
				B6777AE218E12F5F00BD8F05 /* libDCRoundSwitch.a */,
				B6777AE418E12F5F00BD8F05 /* libDejalActivityView.a */,
				B6777AE618E12F5F00BD8F05 /* libEGOPhotoViewer.a */,
				B6777AE818E12F5F00BD8F05 /* libFMDatabase.a */,
				B6777AEA18E12F5F00BD8F05 /* libFTUtils.a */,
				B6777AEC18E12F5F00BD8F05 /* libGMGridView.a */,
				B6777AEE18E12F5F00BD8F05 /* libHTMLParser.a */,
				B6777AF018E12F5F00BD8F05 /* libiCarousel.a */,
				B6777AF218E12F5F00BD8F05 /* libITNSStreamUtil.a */,
				B6777AF418E12F5F00BD8F05 /* libJSONKit.a */,
				B6777AF618E12F5F00BD8F05 /* libKissXML.a */,
				B6777AF818E12F5F00BD8F05 /* libMBProgressHUD.a */,
				B6777AFA18E12F5F00BD8F05 /* libMCSegmentedControl.a */,
				B6777AFC18E12F5F00BD8F05 /* libMGSplitViewController.a */,
				B6777AFE18E12F5F00BD8F05 /* libNSLogger.a */,
				B6777B0018E12F5F00BD8F05 /* libObjectiveZip.a */,
				B6777B0218E12F5F00BD8F05 /* PetHunter.app */,
				B6777B0418E12F5F00BD8F05 /* libRNTextStatistics.a */,
				B6777B0618E12F5F00BD8F05 /* libPrettyKit.a */,
				B6777B0818E12F5F00BD8F05 /* libRTLabel.a */,
				B6777B0A18E12F5F00BD8F05 /* libSpriteAnimation.a */,
				B6777B0C18E12F5F00BD8F05 /* libStyledPageControl.a */,
				B6777B0E18E12F5F00BD8F05 /* libSVGeocoder.a */,
				B6777B1018E12F5F00BD8F05 /* libSVProgressHUD.a */,
				B6777B1218E12F5F00BD8F05 /* libSVPullToRefresh.a */,
				B6777B1418E12F5F00BD8F05 /* libSYCache.a */,
				B6777B1618E12F5F00BD8F05 /* libSYCompositor.a */,
				B6777B1818E12F5F00BD8F05 /* libSYPaginator.a */,
				B6777B1A18E12F5F00BD8F05 /* libUAModalPanel.a */,
				B6777B1C18E12F5F00BD8F05 /* libUIGlossyButton.a */,
				B6777B1E18E12F5F00BD8F05 /* libYT.a */,
				B6777B2018E12F5F00BD8F05 /* libZipArchive.a */,
				B6777B2218E12F5F00BD8F05 /* libMiniZip.a */,
				B6777B2418E12F5F00BD8F05 /* YTFramework.framework */,
				B6777B2618E12F5F00BD8F05 /* libWCAlertView.a */,
				B6777B2818E12F5F00BD8F05 /* libNVSlideMenuController.a */,
				B6777B2A18E12F5F00BD8F05 /* libAPSplitViewController.a */,
			);
			name = Products;
			sourceTree = "<group>";
		};
		B6777B6018E1315400BD8F05 /* App Delegate */ = {
			isa = PBXGroup;
			children = (
				B6777A7618E12E6700BD8F05 /* FLAppDelegate.h */,
				B6777A7718E12E6700BD8F05 /* FLAppDelegate.m */,
			);
			name = "App Delegate";
			sourceTree = "<group>";
		};
		B6777B6118E1315C00BD8F05 /* View Controllers */ = {
			isa = PBXGroup;
			children = (
				B663EFF418E93FE00077E3FF /* Base */,
				B6777B6618E1342600BD8F05 /* Flight */,
				B663EFF018E93FAE0077E3FF /* Main */,
			);
			name = "View Controllers";
			sourceTree = "<group>";
		};
		B6777B6218E1316F00BD8F05 /* Classes */ = {
			isa = PBXGroup;
			children = (
				B6777B6018E1315400BD8F05 /* App Delegate */,
				B639502B18FC4F8F0052FD54 /* Models */,
				B6777B6118E1315C00BD8F05 /* View Controllers */,
			);
			path = Classes;
			sourceTree = "<group>";
		};
		B6777B6618E1342600BD8F05 /* Flight */ = {
			isa = PBXGroup;
			children = (
				B6777B6718E1344300BD8F05 /* FLFlightMainViewController.h */,
				B6777B6818E1344300BD8F05 /* FLFlightMainViewController.m */,
			);
			name = Flight;
			sourceTree = "<group>";
		};
/* End PBXGroup section */

/* Begin PBXNativeTarget section */
		B6777A6318E12E6700BD8F05 /* Flight */ = {
			isa = PBXNativeTarget;
			buildConfigurationList = B6777A9618E12E6800BD8F05 /* Build configuration list for PBXNativeTarget "Flight" */;
			buildPhases = (
				B6777A6018E12E6700BD8F05 /* Sources */,
				B6777A6118E12E6700BD8F05 /* Frameworks */,
				B6777A6218E12E6700BD8F05 /* Resources */,
			);
			buildRules = (
			);
			dependencies = (
				B6777B2C18E12F9100BD8F05 /* PBXTargetDependency */,
			);
			name = Flight;
			productName = Flight;
			productReference = B6777A6418E12E6700BD8F05 /* Flight.app */;
			productType = "com.apple.product-type.application";
		};
		B6777A8418E12E6800BD8F05 /* FlightTests */ = {
			isa = PBXNativeTarget;
			buildConfigurationList = B6777A9918E12E6800BD8F05 /* Build configuration list for PBXNativeTarget "FlightTests" */;
			buildPhases = (
				B6777A8118E12E6800BD8F05 /* Sources */,
				B6777A8218E12E6800BD8F05 /* Frameworks */,
				B6777A8318E12E6800BD8F05 /* Resources */,
			);
			buildRules = (
			);
			dependencies = (
				B6777A8B18E12E6800BD8F05 /* PBXTargetDependency */,
			);
			name = FlightTests;
			productName = FlightTests;
			productReference = B6777A8518E12E6800BD8F05 /* FlightTests.xctest */;
			productType = "com.apple.product-type.bundle.unit-test";
		};
/* End PBXNativeTarget section */

/* Begin PBXProject section */
		B6777A5C18E12E6700BD8F05 /* Project object */ = {
			isa = PBXProject;
			attributes = {
				CLASSPREFIX = FL;
				LastUpgradeCheck = 0510;
				ORGANIZATIONNAME = "Freddy So";
				TargetAttributes = {
					B6777A8418E12E6800BD8F05 = {
						TestTargetID = B6777A6318E12E6700BD8F05;
					};
				};
			};
			buildConfigurationList = B6777A5F18E12E6700BD8F05 /* Build configuration list for PBXProject "Flight" */;
			compatibilityVersion = "Xcode 3.2";
			developmentRegion = English;
			hasScannedForEncodings = 0;
			knownRegions = (
				en,
				Base,
			);
			mainGroup = B6777A5B18E12E6700BD8F05;
			productRefGroup = B6777A6518E12E6700BD8F05 /* Products */;
			projectDirPath = "";
			projectReferences = (
				{
					ProductGroup = B6777A9D18E12F5E00BD8F05 /* Products */;
					ProjectRef = B6777A9C18E12F5E00BD8F05 /* AdditionalLibrary.xcodeproj */;
				},
			);
			projectRoot = "";
			targets = (
				B6777A6318E12E6700BD8F05 /* Flight */,
				B6777A8418E12E6800BD8F05 /* FlightTests */,
			);
		};
/* End PBXProject section */

/* Begin PBXReferenceProxy section */
		B6777AD018E12F5F00BD8F05 /* AdditionalLibrary.app */ = {
			isa = PBXReferenceProxy;
			fileType = wrapper.application;
			path = AdditionalLibrary.app;
			remoteRef = B6777ACF18E12F5F00BD8F05 /* PBXContainerItemProxy */;
			sourceTree = BUILT_PRODUCTS_DIR;
		};
		B6777AD218E12F5F00BD8F05 /* libADLivelyTableView.a */ = {
			isa = PBXReferenceProxy;
			fileType = archive.ar;
			path = libADLivelyTableView.a;
			remoteRef = B6777AD118E12F5F00BD8F05 /* PBXContainerItemProxy */;
			sourceTree = BUILT_PRODUCTS_DIR;
		};
		B6777AD418E12F5F00BD8F05 /* libATMHud.a */ = {
			isa = PBXReferenceProxy;
			fileType = archive.ar;
			path = libATMHud.a;
			remoteRef = B6777AD318E12F5F00BD8F05 /* PBXContainerItemProxy */;
			sourceTree = BUILT_PRODUCTS_DIR;
		};
		B6777AD618E12F5F00BD8F05 /* libASIHTTPRequest.a */ = {
			isa = PBXReferenceProxy;
			fileType = archive.ar;
			path = libASIHTTPRequest.a;
			remoteRef = B6777AD518E12F5F00BD8F05 /* PBXContainerItemProxy */;
			sourceTree = BUILT_PRODUCTS_DIR;
		};
		B6777AD818E12F5F00BD8F05 /* libAudioStreamer.a */ = {
			isa = PBXReferenceProxy;
			fileType = archive.ar;
			path = libAudioStreamer.a;
			remoteRef = B6777AD718E12F5F00BD8F05 /* PBXContainerItemProxy */;
			sourceTree = BUILT_PRODUCTS_DIR;
		};
		B6777ADA18E12F5F00BD8F05 /* libCocoaAMF.a */ = {
			isa = PBXReferenceProxy;
			fileType = archive.ar;
			path = libCocoaAMF.a;
			remoteRef = B6777AD918E12F5F00BD8F05 /* PBXContainerItemProxy */;
			sourceTree = BUILT_PRODUCTS_DIR;
		};
		B6777ADC18E12F5F00BD8F05 /* libCocoaHTTPServer.a */ = {
			isa = PBXReferenceProxy;
			fileType = archive.ar;
			path = libCocoaHTTPServer.a;
			remoteRef = B6777ADB18E12F5F00BD8F05 /* PBXContainerItemProxy */;
			sourceTree = BUILT_PRODUCTS_DIR;
		};
		B6777ADE18E12F5F00BD8F05 /* libCocoaSecurity.a */ = {
			isa = PBXReferenceProxy;
			fileType = archive.ar;
			path = libCocoaSecurity.a;
			remoteRef = B6777ADD18E12F5F00BD8F05 /* PBXContainerItemProxy */;
			sourceTree = BUILT_PRODUCTS_DIR;
		};
		B6777AE018E12F5F00BD8F05 /* libCurledView.a */ = {
			isa = PBXReferenceProxy;
			fileType = archive.ar;
			path = libCurledView.a;
			remoteRef = B6777ADF18E12F5F00BD8F05 /* PBXContainerItemProxy */;
			sourceTree = BUILT_PRODUCTS_DIR;
		};
		B6777AE218E12F5F00BD8F05 /* libDCRoundSwitch.a */ = {
			isa = PBXReferenceProxy;
			fileType = archive.ar;
			path = libDCRoundSwitch.a;
			remoteRef = B6777AE118E12F5F00BD8F05 /* PBXContainerItemProxy */;
			sourceTree = BUILT_PRODUCTS_DIR;
		};
		B6777AE418E12F5F00BD8F05 /* libDejalActivityView.a */ = {
			isa = PBXReferenceProxy;
			fileType = archive.ar;
			path = libDejalActivityView.a;
			remoteRef = B6777AE318E12F5F00BD8F05 /* PBXContainerItemProxy */;
			sourceTree = BUILT_PRODUCTS_DIR;
		};
		B6777AE618E12F5F00BD8F05 /* libEGOPhotoViewer.a */ = {
			isa = PBXReferenceProxy;
			fileType = archive.ar;
			path = libEGOPhotoViewer.a;
			remoteRef = B6777AE518E12F5F00BD8F05 /* PBXContainerItemProxy */;
			sourceTree = BUILT_PRODUCTS_DIR;
		};
		B6777AE818E12F5F00BD8F05 /* libFMDatabase.a */ = {
			isa = PBXReferenceProxy;
			fileType = archive.ar;
			path = libFMDatabase.a;
			remoteRef = B6777AE718E12F5F00BD8F05 /* PBXContainerItemProxy */;
			sourceTree = BUILT_PRODUCTS_DIR;
		};
		B6777AEA18E12F5F00BD8F05 /* libFTUtils.a */ = {
			isa = PBXReferenceProxy;
			fileType = archive.ar;
			path = libFTUtils.a;
			remoteRef = B6777AE918E12F5F00BD8F05 /* PBXContainerItemProxy */;
			sourceTree = BUILT_PRODUCTS_DIR;
		};
		B6777AEC18E12F5F00BD8F05 /* libGMGridView.a */ = {
			isa = PBXReferenceProxy;
			fileType = archive.ar;
			path = libGMGridView.a;
			remoteRef = B6777AEB18E12F5F00BD8F05 /* PBXContainerItemProxy */;
			sourceTree = BUILT_PRODUCTS_DIR;
		};
		B6777AEE18E12F5F00BD8F05 /* libHTMLParser.a */ = {
			isa = PBXReferenceProxy;
			fileType = archive.ar;
			path = libHTMLParser.a;
			remoteRef = B6777AED18E12F5F00BD8F05 /* PBXContainerItemProxy */;
			sourceTree = BUILT_PRODUCTS_DIR;
		};
		B6777AF018E12F5F00BD8F05 /* libiCarousel.a */ = {
			isa = PBXReferenceProxy;
			fileType = archive.ar;
			path = libiCarousel.a;
			remoteRef = B6777AEF18E12F5F00BD8F05 /* PBXContainerItemProxy */;
			sourceTree = BUILT_PRODUCTS_DIR;
		};
		B6777AF218E12F5F00BD8F05 /* libITNSStreamUtil.a */ = {
			isa = PBXReferenceProxy;
			fileType = archive.ar;
			path = libITNSStreamUtil.a;
			remoteRef = B6777AF118E12F5F00BD8F05 /* PBXContainerItemProxy */;
			sourceTree = BUILT_PRODUCTS_DIR;
		};
		B6777AF418E12F5F00BD8F05 /* libJSONKit.a */ = {
			isa = PBXReferenceProxy;
			fileType = archive.ar;
			path = libJSONKit.a;
			remoteRef = B6777AF318E12F5F00BD8F05 /* PBXContainerItemProxy */;
			sourceTree = BUILT_PRODUCTS_DIR;
		};
		B6777AF618E12F5F00BD8F05 /* libKissXML.a */ = {
			isa = PBXReferenceProxy;
			fileType = archive.ar;
			path = libKissXML.a;
			remoteRef = B6777AF518E12F5F00BD8F05 /* PBXContainerItemProxy */;
			sourceTree = BUILT_PRODUCTS_DIR;
		};
		B6777AF818E12F5F00BD8F05 /* libMBProgressHUD.a */ = {
			isa = PBXReferenceProxy;
			fileType = archive.ar;
			path = libMBProgressHUD.a;
			remoteRef = B6777AF718E12F5F00BD8F05 /* PBXContainerItemProxy */;
			sourceTree = BUILT_PRODUCTS_DIR;
		};
		B6777AFA18E12F5F00BD8F05 /* libMCSegmentedControl.a */ = {
			isa = PBXReferenceProxy;
			fileType = archive.ar;
			path = libMCSegmentedControl.a;
			remoteRef = B6777AF918E12F5F00BD8F05 /* PBXContainerItemProxy */;
			sourceTree = BUILT_PRODUCTS_DIR;
		};
		B6777AFC18E12F5F00BD8F05 /* libMGSplitViewController.a */ = {
			isa = PBXReferenceProxy;
			fileType = archive.ar;
			path = libMGSplitViewController.a;
			remoteRef = B6777AFB18E12F5F00BD8F05 /* PBXContainerItemProxy */;
			sourceTree = BUILT_PRODUCTS_DIR;
		};
		B6777AFE18E12F5F00BD8F05 /* libNSLogger.a */ = {
			isa = PBXReferenceProxy;
			fileType = archive.ar;
			path = libNSLogger.a;
			remoteRef = B6777AFD18E12F5F00BD8F05 /* PBXContainerItemProxy */;
			sourceTree = BUILT_PRODUCTS_DIR;
		};
		B6777B0018E12F5F00BD8F05 /* libObjectiveZip.a */ = {
			isa = PBXReferenceProxy;
			fileType = archive.ar;
			path = libObjectiveZip.a;
			remoteRef = B6777AFF18E12F5F00BD8F05 /* PBXContainerItemProxy */;
			sourceTree = BUILT_PRODUCTS_DIR;
		};
		B6777B0218E12F5F00BD8F05 /* PetHunter.app */ = {
			isa = PBXReferenceProxy;
			fileType = wrapper.application;
			path = PetHunter.app;
			remoteRef = B6777B0118E12F5F00BD8F05 /* PBXContainerItemProxy */;
			sourceTree = BUILT_PRODUCTS_DIR;
		};
		B6777B0418E12F5F00BD8F05 /* libRNTextStatistics.a */ = {
			isa = PBXReferenceProxy;
			fileType = archive.ar;
			path = libRNTextStatistics.a;
			remoteRef = B6777B0318E12F5F00BD8F05 /* PBXContainerItemProxy */;
			sourceTree = BUILT_PRODUCTS_DIR;
		};
		B6777B0618E12F5F00BD8F05 /* libPrettyKit.a */ = {
			isa = PBXReferenceProxy;
			fileType = archive.ar;
			path = libPrettyKit.a;
			remoteRef = B6777B0518E12F5F00BD8F05 /* PBXContainerItemProxy */;
			sourceTree = BUILT_PRODUCTS_DIR;
		};
		B6777B0818E12F5F00BD8F05 /* libRTLabel.a */ = {
			isa = PBXReferenceProxy;
			fileType = archive.ar;
			path = libRTLabel.a;
			remoteRef = B6777B0718E12F5F00BD8F05 /* PBXContainerItemProxy */;
			sourceTree = BUILT_PRODUCTS_DIR;
		};
		B6777B0A18E12F5F00BD8F05 /* libSpriteAnimation.a */ = {
			isa = PBXReferenceProxy;
			fileType = archive.ar;
			path = libSpriteAnimation.a;
			remoteRef = B6777B0918E12F5F00BD8F05 /* PBXContainerItemProxy */;
			sourceTree = BUILT_PRODUCTS_DIR;
		};
		B6777B0C18E12F5F00BD8F05 /* libStyledPageControl.a */ = {
			isa = PBXReferenceProxy;
			fileType = archive.ar;
			path = libStyledPageControl.a;
			remoteRef = B6777B0B18E12F5F00BD8F05 /* PBXContainerItemProxy */;
			sourceTree = BUILT_PRODUCTS_DIR;
		};
		B6777B0E18E12F5F00BD8F05 /* libSVGeocoder.a */ = {
			isa = PBXReferenceProxy;
			fileType = archive.ar;
			path = libSVGeocoder.a;
			remoteRef = B6777B0D18E12F5F00BD8F05 /* PBXContainerItemProxy */;
			sourceTree = BUILT_PRODUCTS_DIR;
		};
		B6777B1018E12F5F00BD8F05 /* libSVProgressHUD.a */ = {
			isa = PBXReferenceProxy;
			fileType = archive.ar;
			path = libSVProgressHUD.a;
			remoteRef = B6777B0F18E12F5F00BD8F05 /* PBXContainerItemProxy */;
			sourceTree = BUILT_PRODUCTS_DIR;
		};
		B6777B1218E12F5F00BD8F05 /* libSVPullToRefresh.a */ = {
			isa = PBXReferenceProxy;
			fileType = archive.ar;
			path = libSVPullToRefresh.a;
			remoteRef = B6777B1118E12F5F00BD8F05 /* PBXContainerItemProxy */;
			sourceTree = BUILT_PRODUCTS_DIR;
		};
		B6777B1418E12F5F00BD8F05 /* libSYCache.a */ = {
			isa = PBXReferenceProxy;
			fileType = archive.ar;
			path = libSYCache.a;
			remoteRef = B6777B1318E12F5F00BD8F05 /* PBXContainerItemProxy */;
			sourceTree = BUILT_PRODUCTS_DIR;
		};
		B6777B1618E12F5F00BD8F05 /* libSYCompositor.a */ = {
			isa = PBXReferenceProxy;
			fileType = archive.ar;
			path = libSYCompositor.a;
			remoteRef = B6777B1518E12F5F00BD8F05 /* PBXContainerItemProxy */;
			sourceTree = BUILT_PRODUCTS_DIR;
		};
		B6777B1818E12F5F00BD8F05 /* libSYPaginator.a */ = {
			isa = PBXReferenceProxy;
			fileType = archive.ar;
			path = libSYPaginator.a;
			remoteRef = B6777B1718E12F5F00BD8F05 /* PBXContainerItemProxy */;
			sourceTree = BUILT_PRODUCTS_DIR;
		};
		B6777B1A18E12F5F00BD8F05 /* libUAModalPanel.a */ = {
			isa = PBXReferenceProxy;
			fileType = archive.ar;
			path = libUAModalPanel.a;
			remoteRef = B6777B1918E12F5F00BD8F05 /* PBXContainerItemProxy */;
			sourceTree = BUILT_PRODUCTS_DIR;
		};
		B6777B1C18E12F5F00BD8F05 /* libUIGlossyButton.a */ = {
			isa = PBXReferenceProxy;
			fileType = archive.ar;
			path = libUIGlossyButton.a;
			remoteRef = B6777B1B18E12F5F00BD8F05 /* PBXContainerItemProxy */;
			sourceTree = BUILT_PRODUCTS_DIR;
		};
		B6777B1E18E12F5F00BD8F05 /* libYT.a */ = {
			isa = PBXReferenceProxy;
			fileType = archive.ar;
			path = libYT.a;
			remoteRef = B6777B1D18E12F5F00BD8F05 /* PBXContainerItemProxy */;
			sourceTree = BUILT_PRODUCTS_DIR;
		};
		B6777B2018E12F5F00BD8F05 /* libZipArchive.a */ = {
			isa = PBXReferenceProxy;
			fileType = archive.ar;
			path = libZipArchive.a;
			remoteRef = B6777B1F18E12F5F00BD8F05 /* PBXContainerItemProxy */;
			sourceTree = BUILT_PRODUCTS_DIR;
		};
		B6777B2218E12F5F00BD8F05 /* libMiniZip.a */ = {
			isa = PBXReferenceProxy;
			fileType = archive.ar;
			path = libMiniZip.a;
			remoteRef = B6777B2118E12F5F00BD8F05 /* PBXContainerItemProxy */;
			sourceTree = BUILT_PRODUCTS_DIR;
		};
		B6777B2418E12F5F00BD8F05 /* YTFramework.framework */ = {
			isa = PBXReferenceProxy;
			fileType = wrapper.framework.static;
			path = YTFramework.framework;
			remoteRef = B6777B2318E12F5F00BD8F05 /* PBXContainerItemProxy */;
			sourceTree = BUILT_PRODUCTS_DIR;
		};
		B6777B2618E12F5F00BD8F05 /* libWCAlertView.a */ = {
			isa = PBXReferenceProxy;
			fileType = archive.ar;
			path = libWCAlertView.a;
			remoteRef = B6777B2518E12F5F00BD8F05 /* PBXContainerItemProxy */;
			sourceTree = BUILT_PRODUCTS_DIR;
		};
		B6777B2818E12F5F00BD8F05 /* libNVSlideMenuController.a */ = {
			isa = PBXReferenceProxy;
			fileType = archive.ar;
			path = libNVSlideMenuController.a;
			remoteRef = B6777B2718E12F5F00BD8F05 /* PBXContainerItemProxy */;
			sourceTree = BUILT_PRODUCTS_DIR;
		};
		B6777B2A18E12F5F00BD8F05 /* libAPSplitViewController.a */ = {
			isa = PBXReferenceProxy;
			fileType = archive.ar;
			path = libAPSplitViewController.a;
			remoteRef = B6777B2918E12F5F00BD8F05 /* PBXContainerItemProxy */;
			sourceTree = BUILT_PRODUCTS_DIR;
		};
/* End PBXReferenceProxy section */

/* Begin PBXResourcesBuildPhase section */
		B6777A6218E12E6700BD8F05 /* Resources */ = {
			isa = PBXResourcesBuildPhase;
			buildActionMask = 2147483647;
			files = (
				B663EFF718E94A160077E3FF /* Localizable.strings in Resources */,
				B6777A8018E12E6700BD8F05 /* Images.xcassets in Resources */,
				B6394FFC18FC4F5E0052FD54 /* Flight.sqlite in Resources */,
				B6777A7218E12E6700BD8F05 /* InfoPlist.strings in Resources */,
				B6777A7B18E12E6700BD8F05 /* Main.storyboard in Resources */,
			);
			runOnlyForDeploymentPostprocessing = 0;
		};
		B6777A8318E12E6800BD8F05 /* Resources */ = {
			isa = PBXResourcesBuildPhase;
			buildActionMask = 2147483647;
			files = (
				B6777A9118E12E6800BD8F05 /* InfoPlist.strings in Resources */,
			);
			runOnlyForDeploymentPostprocessing = 0;
		};
/* End PBXResourcesBuildPhase section */

/* Begin PBXSourcesBuildPhase section */
		B6777A6018E12E6700BD8F05 /* Sources */ = {
			isa = PBXSourcesBuildPhase;
			buildActionMask = 2147483647;
			files = (
				B639503618FC51FB0052FD54 /* FLAirport.m in Sources */,
				B663EFF318E93FC60077E3FF /* FLMainViewController.m in Sources */,
				B639503F18FC56AF0052FD54 /* FLDatabase.m in Sources */,
				B6777A7818E12E6700BD8F05 /* FLAppDelegate.m in Sources */,
				B6777A7418E12E6700BD8F05 /* main.m in Sources */,
				B6777A7E18E12E6700BD8F05 /* FLViewController.m in Sources */,
				B639502E18FC4FC40052FD54 /* FLAirline.m in Sources */,
				B639503918FC532B0052FD54 /* FLCity.m in Sources */,
				B639503C18FC54740052FD54 /* FLCountry.m in Sources */,
				B6777B6918E1344300BD8F05 /* FLFlightMainViewController.m in Sources */,
			);
			runOnlyForDeploymentPostprocessing = 0;
		};
		B6777A8118E12E6800BD8F05 /* Sources */ = {
			isa = PBXSourcesBuildPhase;
			buildActionMask = 2147483647;
			files = (
				B6777A9318E12E6800BD8F05 /* FlightTests.m in Sources */,
			);
			runOnlyForDeploymentPostprocessing = 0;
		};
/* End PBXSourcesBuildPhase section */

/* Begin PBXTargetDependency section */
		B6777A8B18E12E6800BD8F05 /* PBXTargetDependency */ = {
			isa = PBXTargetDependency;
			target = B6777A6318E12E6700BD8F05 /* Flight */;
			targetProxy = B6777A8A18E12E6800BD8F05 /* PBXContainerItemProxy */;
		};
		B6777B2C18E12F9100BD8F05 /* PBXTargetDependency */ = {
			isa = PBXTargetDependency;
			name = YTLibrary;
			targetProxy = B6777B2B18E12F9100BD8F05 /* PBXContainerItemProxy */;
		};
/* End PBXTargetDependency section */

/* Begin PBXVariantGroup section */
		B663EFF918E94A160077E3FF /* Localizable.strings */ = {
			isa = PBXVariantGroup;
			children = (
				B663EFF818E94A160077E3FF /* en */,
			);
			name = Localizable.strings;
			sourceTree = "<group>";
		};
		B6777A7018E12E6700BD8F05 /* InfoPlist.strings */ = {
			isa = PBXVariantGroup;
			children = (
				B6777A7118E12E6700BD8F05 /* en */,
			);
			name = InfoPlist.strings;
			sourceTree = "<group>";
		};
		B6777A7918E12E6700BD8F05 /* Main.storyboard */ = {
			isa = PBXVariantGroup;
			children = (
				B6777A7A18E12E6700BD8F05 /* Base */,
			);
			name = Main.storyboard;
			sourceTree = "<group>";
		};
		B6777A8F18E12E6800BD8F05 /* InfoPlist.strings */ = {
			isa = PBXVariantGroup;
			children = (
				B6777A9018E12E6800BD8F05 /* en */,
			);
			name = InfoPlist.strings;
			sourceTree = "<group>";
		};
/* End PBXVariantGroup section */

/* Begin XCBuildConfiguration section */
		B6777A9418E12E6800BD8F05 /* Debug */ = {
			isa = XCBuildConfiguration;
			buildSettings = {
				ALWAYS_SEARCH_USER_PATHS = NO;
				CLANG_CXX_LANGUAGE_STANDARD = "gnu++0x";
				CLANG_CXX_LIBRARY = "libc++";
				CLANG_ENABLE_MODULES = YES;
				CLANG_ENABLE_OBJC_ARC = YES;
				CLANG_WARN_BOOL_CONVERSION = YES;
				CLANG_WARN_CONSTANT_CONVERSION = YES;
				CLANG_WARN_DIRECT_OBJC_ISA_USAGE = YES_ERROR;
				CLANG_WARN_EMPTY_BODY = YES;
				CLANG_WARN_ENUM_CONVERSION = YES;
				CLANG_WARN_INT_CONVERSION = YES;
				CLANG_WARN_OBJC_ROOT_CLASS = YES_ERROR;
				CLANG_WARN__DUPLICATE_METHOD_MATCH = YES;
				"CODE_SIGN_IDENTITY[sdk=iphoneos*]" = "iPhone Developer";
				COPY_PHASE_STRIP = NO;
				GCC_C_LANGUAGE_STANDARD = gnu99;
				GCC_DYNAMIC_NO_PIC = NO;
				GCC_OPTIMIZATION_LEVEL = 0;
				GCC_PREPROCESSOR_DEFINITIONS = (
					"DEBUG=1",
					"$(inherited)",
				);
				GCC_SYMBOLS_PRIVATE_EXTERN = NO;
				GCC_WARN_64_TO_32_BIT_CONVERSION = YES;
				GCC_WARN_ABOUT_RETURN_TYPE = YES_ERROR;
				GCC_WARN_UNDECLARED_SELECTOR = YES;
				GCC_WARN_UNINITIALIZED_AUTOS = YES_AGGRESSIVE;
				GCC_WARN_UNUSED_FUNCTION = YES;
				GCC_WARN_UNUSED_VARIABLE = YES;
				IPHONEOS_DEPLOYMENT_TARGET = 7.1;
				ONLY_ACTIVE_ARCH = YES;
				SDKROOT = iphoneos;
			};
			name = Debug;
		};
		B6777A9518E12E6800BD8F05 /* Release */ = {
			isa = XCBuildConfiguration;
			buildSettings = {
				ALWAYS_SEARCH_USER_PATHS = NO;
				CLANG_CXX_LANGUAGE_STANDARD = "gnu++0x";
				CLANG_CXX_LIBRARY = "libc++";
				CLANG_ENABLE_MODULES = YES;
				CLANG_ENABLE_OBJC_ARC = YES;
				CLANG_WARN_BOOL_CONVERSION = YES;
				CLANG_WARN_CONSTANT_CONVERSION = YES;
				CLANG_WARN_DIRECT_OBJC_ISA_USAGE = YES_ERROR;
				CLANG_WARN_EMPTY_BODY = YES;
				CLANG_WARN_ENUM_CONVERSION = YES;
				CLANG_WARN_INT_CONVERSION = YES;
				CLANG_WARN_OBJC_ROOT_CLASS = YES_ERROR;
				CLANG_WARN__DUPLICATE_METHOD_MATCH = YES;
				"CODE_SIGN_IDENTITY[sdk=iphoneos*]" = "iPhone Developer";
				COPY_PHASE_STRIP = YES;
				ENABLE_NS_ASSERTIONS = NO;
				GCC_C_LANGUAGE_STANDARD = gnu99;
				GCC_WARN_64_TO_32_BIT_CONVERSION = YES;
				GCC_WARN_ABOUT_RETURN_TYPE = YES_ERROR;
				GCC_WARN_UNDECLARED_SELECTOR = YES;
				GCC_WARN_UNINITIALIZED_AUTOS = YES_AGGRESSIVE;
				GCC_WARN_UNUSED_FUNCTION = YES;
				GCC_WARN_UNUSED_VARIABLE = YES;
				IPHONEOS_DEPLOYMENT_TARGET = 7.1;
				SDKROOT = iphoneos;
				VALIDATE_PRODUCT = YES;
			};
			name = Release;
		};
		B6777A9718E12E6800BD8F05 /* Debug */ = {
			isa = XCBuildConfiguration;
			buildSettings = {
				ARCHS = (
					armv7,
					armv7s,
				);
				ASSETCATALOG_COMPILER_APPICON_NAME = AppIcon;
				ASSETCATALOG_COMPILER_LAUNCHIMAGE_NAME = LaunchImage;
				GCC_PRECOMPILE_PREFIX_HEADER = YES;
				GCC_PREFIX_HEADER = "Flight/Flight-Prefix.pch";
				HEADER_SEARCH_PATHS = (
					"$(SRCROOT)/**",
					"$ADDITIONAL_LIBRARY_SRC/**",
					"${SDK_DIR}/usr/include/libxml2",
				);
				INFOPLIST_FILE = "Flight/Flight-Info.plist";
				OTHER_LDFLAGS = (
					"-ObjC",
					"-lxml2",
					"-all_load",
				);
				PRODUCT_NAME = "$(TARGET_NAME)";
				WRAPPER_EXTENSION = app;
			};
			name = Debug;
		};
		B6777A9818E12E6800BD8F05 /* Release */ = {
			isa = XCBuildConfiguration;
			buildSettings = {
				ARCHS = (
					armv7,
					armv7s,
				);
				ASSETCATALOG_COMPILER_APPICON_NAME = AppIcon;
				ASSETCATALOG_COMPILER_LAUNCHIMAGE_NAME = LaunchImage;
				GCC_PRECOMPILE_PREFIX_HEADER = YES;
				GCC_PREFIX_HEADER = "Flight/Flight-Prefix.pch";
				HEADER_SEARCH_PATHS = (
					"$(SRCROOT)/**",
					"$ADDITIONAL_LIBRARY_SRC/**",
					"${SDK_DIR}/usr/include/libxml2",
				);
				INFOPLIST_FILE = "Flight/Flight-Info.plist";
				OTHER_LDFLAGS = (
					"-ObjC",
					"-lxml2",
					"-all_load",
				);
				PRODUCT_NAME = "$(TARGET_NAME)";
				WRAPPER_EXTENSION = app;
			};
			name = Release;
		};
		B6777A9A18E12E6800BD8F05 /* Debug */ = {
			isa = XCBuildConfiguration;
			buildSettings = {
				BUNDLE_LOADER = "$(BUILT_PRODUCTS_DIR)/Flight.app/Flight";
				FRAMEWORK_SEARCH_PATHS = (
					"$(SDKROOT)/Developer/Library/Frameworks",
					"$(inherited)",
					"$(DEVELOPER_FRAMEWORKS_DIR)",
				);
				GCC_PRECOMPILE_PREFIX_HEADER = YES;
				GCC_PREFIX_HEADER = "Flight/Flight-Prefix.pch";
				GCC_PREPROCESSOR_DEFINITIONS = (
					"DEBUG=1",
					"$(inherited)",
				);
				INFOPLIST_FILE = "FlightTests/FlightTests-Info.plist";
				PRODUCT_NAME = "$(TARGET_NAME)";
				TEST_HOST = "$(BUNDLE_LOADER)";
				WRAPPER_EXTENSION = xctest;
			};
			name = Debug;
		};
		B6777A9B18E12E6800BD8F05 /* Release */ = {
			isa = XCBuildConfiguration;
			buildSettings = {
				BUNDLE_LOADER = "$(BUILT_PRODUCTS_DIR)/Flight.app/Flight";
				FRAMEWORK_SEARCH_PATHS = (
					"$(SDKROOT)/Developer/Library/Frameworks",
					"$(inherited)",
					"$(DEVELOPER_FRAMEWORKS_DIR)",
				);
				GCC_PRECOMPILE_PREFIX_HEADER = YES;
				GCC_PREFIX_HEADER = "Flight/Flight-Prefix.pch";
				INFOPLIST_FILE = "FlightTests/FlightTests-Info.plist";
				PRODUCT_NAME = "$(TARGET_NAME)";
				TEST_HOST = "$(BUNDLE_LOADER)";
				WRAPPER_EXTENSION = xctest;
			};
			name = Release;
		};
/* End XCBuildConfiguration section */

/* Begin XCConfigurationList section */
		B6777A5F18E12E6700BD8F05 /* Build configuration list for PBXProject "Flight" */ = {
			isa = XCConfigurationList;
			buildConfigurations = (
				B6777A9418E12E6800BD8F05 /* Debug */,
				B6777A9518E12E6800BD8F05 /* Release */,
			);
			defaultConfigurationIsVisible = 0;
			defaultConfigurationName = Release;
		};
		B6777A9618E12E6800BD8F05 /* Build configuration list for PBXNativeTarget "Flight" */ = {
			isa = XCConfigurationList;
			buildConfigurations = (
				B6777A9718E12E6800BD8F05 /* Debug */,
				B6777A9818E12E6800BD8F05 /* Release */,
			);
			defaultConfigurationIsVisible = 0;
			defaultConfigurationName = Release;
		};
		B6777A9918E12E6800BD8F05 /* Build configuration list for PBXNativeTarget "FlightTests" */ = {
			isa = XCConfigurationList;
			buildConfigurations = (
				B6777A9A18E12E6800BD8F05 /* Debug */,
				B6777A9B18E12E6800BD8F05 /* Release */,
			);
			defaultConfigurationIsVisible = 0;
			defaultConfigurationName = Release;
		};
/* End XCConfigurationList section */
	};
	rootObject = B6777A5C18E12E6700BD8F05 /* Project object */;
}
